// !$*UTF8*$!
{
	archiveVersion = 1;
	classes = {
	};
	objectVersion = 46;
	objects = {

/* Begin PBXBuildFile section */
		7C0EA5DB1EBA1B3500F50EB2 /* AppDelegate.swift in Sources */ = {isa = PBXBuildFile; fileRef = 7C0EA5DA1EBA1B3500F50EB2 /* AppDelegate.swift */; };
		7C0EA5E01EBA1B3500F50EB2 /* Main.storyboard in Resources */ = {isa = PBXBuildFile; fileRef = 7C0EA5DE1EBA1B3500F50EB2 /* Main.storyboard */; };
		7C0EA5E21EBA1B3500F50EB2 /* Assets.xcassets in Resources */ = {isa = PBXBuildFile; fileRef = 7C0EA5E11EBA1B3500F50EB2 /* Assets.xcassets */; };
		7C0EA5E51EBA1B3500F50EB2 /* LaunchScreen.storyboard in Resources */ = {isa = PBXBuildFile; fileRef = 7C0EA5E31EBA1B3500F50EB2 /* LaunchScreen.storyboard */; };
		7C0EA5F01EBA1B3500F50EB2 /* TheGreatGameTests.swift in Sources */ = {isa = PBXBuildFile; fileRef = 7C0EA5EF1EBA1B3500F50EB2 /* TheGreatGameTests.swift */; };
		7C0EA5FF1EBA1C3100F50EB2 /* Alba.framework in Frameworks */ = {isa = PBXBuildFile; fileRef = 7C0EA5FC1EBA1C3100F50EB2 /* Alba.framework */; };
		7C0EA6001EBA1C3100F50EB2 /* Avenues.framework in Frameworks */ = {isa = PBXBuildFile; fileRef = 7C0EA5FD1EBA1C3100F50EB2 /* Avenues.framework */; };
		7C0EA6011EBA1C3100F50EB2 /* Shallows.framework in Frameworks */ = {isa = PBXBuildFile; fileRef = 7C0EA5FE1EBA1C3100F50EB2 /* Shallows.framework */; };
		7C0EA6101EBA1C9000F50EB2 /* TheGreatKit.framework in Frameworks */ = {isa = PBXBuildFile; fileRef = 7C0EA6071EBA1C9000F50EB2 /* TheGreatKit.framework */; };
		7C0EA6171EBA1C9000F50EB2 /* TheGreatKitTests.swift in Sources */ = {isa = PBXBuildFile; fileRef = 7C0EA6161EBA1C9000F50EB2 /* TheGreatKitTests.swift */; };
		7C0EA6191EBA1C9000F50EB2 /* TheGreatKit.h in Headers */ = {isa = PBXBuildFile; fileRef = 7C0EA6091EBA1C9000F50EB2 /* TheGreatKit.h */; settings = {ATTRIBUTES = (Public, ); }; };
		7C0EA61C1EBA1C9000F50EB2 /* TheGreatKit.framework in Frameworks */ = {isa = PBXBuildFile; fileRef = 7C0EA6071EBA1C9000F50EB2 /* TheGreatKit.framework */; };
		7C0EA61D1EBA1C9000F50EB2 /* TheGreatKit.framework in Embed Frameworks */ = {isa = PBXBuildFile; fileRef = 7C0EA6071EBA1C9000F50EB2 /* TheGreatKit.framework */; settings = {ATTRIBUTES = (CodeSignOnCopy, RemoveHeadersOnCopy, ); }; };
		7C0EA6271EBA1CB100F50EB2 /* Jubilee.swift in Sources */ = {isa = PBXBuildFile; fileRef = 7C0EA6261EBA1CB100F50EB2 /* Jubilee.swift */; };
		7C0EA6281EBA1CB100F50EB2 /* Jubilee.swift in Sources */ = {isa = PBXBuildFile; fileRef = 7C0EA6261EBA1CB100F50EB2 /* Jubilee.swift */; };
		7C0EA6291EBA1CC300F50EB2 /* Alba.framework in Frameworks */ = {isa = PBXBuildFile; fileRef = 7C0EA5FC1EBA1C3100F50EB2 /* Alba.framework */; };
		7C0EA62A1EBA1CC400F50EB2 /* Avenues.framework in Frameworks */ = {isa = PBXBuildFile; fileRef = 7C0EA5FD1EBA1C3100F50EB2 /* Avenues.framework */; };
		7C0EA62B1EBA1CC700F50EB2 /* Shallows.framework in Frameworks */ = {isa = PBXBuildFile; fileRef = 7C0EA5FE1EBA1C3100F50EB2 /* Shallows.framework */; };
		7C0EA62F1EBA1CFC00F50EB2 /* GitHubCache.swift in Sources */ = {isa = PBXBuildFile; fileRef = 7C0EA62D1EBA1CFC00F50EB2 /* GitHubCache.swift */; };
		7C0EA63D1EBA1D1E00F50EB2 /* InMap.swift in Sources */ = {isa = PBXBuildFile; fileRef = 7C0EA6321EBA1D1E00F50EB2 /* InMap.swift */; };
		7C0EA63F1EBA1D1E00F50EB2 /* InMappable.swift in Sources */ = {isa = PBXBuildFile; fileRef = 7C0EA6331EBA1D1E00F50EB2 /* InMappable.swift */; };
		7C0EA6411EBA1D1E00F50EB2 /* InMapper.swift in Sources */ = {isa = PBXBuildFile; fileRef = 7C0EA6341EBA1D1E00F50EB2 /* InMapper.swift */; };
		7C0EA6431EBA1D1E00F50EB2 /* OutMap.swift in Sources */ = {isa = PBXBuildFile; fileRef = 7C0EA6361EBA1D1E00F50EB2 /* OutMap.swift */; };
		7C0EA6451EBA1D1E00F50EB2 /* OutMappable.swift in Sources */ = {isa = PBXBuildFile; fileRef = 7C0EA6371EBA1D1E00F50EB2 /* OutMappable.swift */; };
		7C0EA6471EBA1D1E00F50EB2 /* OutMapper.swift in Sources */ = {isa = PBXBuildFile; fileRef = 7C0EA6381EBA1D1E00F50EB2 /* OutMapper.swift */; };
		7C0EA6491EBA1D1E00F50EB2 /* IndexPath.swift in Sources */ = {isa = PBXBuildFile; fileRef = 7C0EA6391EBA1D1E00F50EB2 /* IndexPath.swift */; };
		7C0EA64B1EBA1D1E00F50EB2 /* Mappable.swift in Sources */ = {isa = PBXBuildFile; fileRef = 7C0EA63A1EBA1D1E00F50EB2 /* Mappable.swift */; };
		7C0EA64D1EBA1D1E00F50EB2 /* CocoaMapper.swift in Sources */ = {isa = PBXBuildFile; fileRef = 7C0EA63B1EBA1D1E00F50EB2 /* CocoaMapper.swift */; };
		7C0EA64F1EBA1D3100F50EB2 /* Shallows+Mapper.swift in Sources */ = {isa = PBXBuildFile; fileRef = 7C0EA64E1EBA1D3100F50EB2 /* Shallows+Mapper.swift */; };
		7C0EA6511EBA1E0C00F50EB2 /* Application.swift in Sources */ = {isa = PBXBuildFile; fileRef = 7C0EA6501EBA1E0C00F50EB2 /* Application.swift */; };
		7C0EA6531EBA1E4900F50EB2 /* UserInterface.swift in Sources */ = {isa = PBXBuildFile; fileRef = 7C0EA6521EBA1E4900F50EB2 /* UserInterface.swift */; };
		7C0EA6561EBA1ECB00F50EB2 /* Teams.swift in Sources */ = {isa = PBXBuildFile; fileRef = 7C0EA6551EBA1ECB00F50EB2 /* Teams.swift */; };
		7C0EA6591EBA1EF200F50EB2 /* Team.swift in Sources */ = {isa = PBXBuildFile; fileRef = 7C0EA6581EBA1EF200F50EB2 /* Team.swift */; };
		7C0EA65B1EBA1F0200F50EB2 /* Editioned.swift in Sources */ = {isa = PBXBuildFile; fileRef = 7C0EA65A1EBA1F0200F50EB2 /* Editioned.swift */; };
		7C0EA65D1EBA218000F50EB2 /* TeamsTableViewController.swift in Sources */ = {isa = PBXBuildFile; fileRef = 7C0EA65C1EBA218000F50EB2 /* TeamsTableViewController.swift */; };
		7C0EA6631EBA542E00F50EB2 /* TeamCompactTableViewCell.swift in Sources */ = {isa = PBXBuildFile; fileRef = 7C0EA6611EBA542E00F50EB2 /* TeamCompactTableViewCell.swift */; };
		7C0EA6641EBA542E00F50EB2 /* TeamCompactTableViewCell.xib in Resources */ = {isa = PBXBuildFile; fileRef = 7C0EA6621EBA542E00F50EB2 /* TeamCompactTableViewCell.xib */; };
		7C0EA6661EBA599D00F50EB2 /* Avenues+Shallows.swift in Sources */ = {isa = PBXBuildFile; fileRef = 7C0EA6651EBA599D00F50EB2 /* Avenues+Shallows.swift */; };
		7C1E66381EBB4284003AF505 /* ViewController.swift in Sources */ = {isa = PBXBuildFile; fileRef = 7C1E66371EBB4284003AF505 /* ViewController.swift */; };
		7C1E663A1EBB42C4003AF505 /* TableViewController.swift in Sources */ = {isa = PBXBuildFile; fileRef = 7C1E66391EBB42C4003AF505 /* TableViewController.swift */; };
		7C1E663C1EBB42FE003AF505 /* NavigationController.swift in Sources */ = {isa = PBXBuildFile; fileRef = 7C1E663B1EBB42FE003AF505 /* NavigationController.swift */; };
		7C1E663F1EBB5651003AF505 /* Colors.json in Resources */ = {isa = PBXBuildFile; fileRef = 7C1E663E1EBB5651003AF505 /* Colors.json */; };
		7C1E66411EBB5740003AF505 /* Colors.swift in Sources */ = {isa = PBXBuildFile; fileRef = 7C1E66401EBB5740003AF505 /* Colors.swift */; };
		7C1E66451EBB67CC003AF505 /* Group.swift in Sources */ = {isa = PBXBuildFile; fileRef = 7C1E66441EBB67CC003AF505 /* Group.swift */; };
		7C6B36BE1EBCA88100FC17F9 /* Matches.swift in Sources */ = {isa = PBXBuildFile; fileRef = 7C6B36BD1EBCA88100FC17F9 /* Matches.swift */; };
		7C6B36C11EBCA98100FC17F9 /* MatchesTableViewController.swift in Sources */ = {isa = PBXBuildFile; fileRef = 7C6B36C01EBCA98100FC17F9 /* MatchesTableViewController.swift */; };
		7C6B36C31EBCAEDD00FC17F9 /* TabBarController.swift in Sources */ = {isa = PBXBuildFile; fileRef = 7C6B36C21EBCAEDD00FC17F9 /* TabBarController.swift */; };
		7C7916DD1EBB10370070E6C5 /* NetworkActivity.swift in Sources */ = {isa = PBXBuildFile; fileRef = 7C7916DC1EBB10370070E6C5 /* NetworkActivity.swift */; };
		7C7916DF1EBB12250070E6C5 /* NetworkActivityIndicatorTests.swift in Sources */ = {isa = PBXBuildFile; fileRef = 7C7916DE1EBB12250070E6C5 /* NetworkActivityIndicatorTests.swift */; };
		7C7916E11EBB14D50070E6C5 /* Shallows+ActivityIndicator.swift in Sources */ = {isa = PBXBuildFile; fileRef = 7C7916E01EBB14D40070E6C5 /* Shallows+ActivityIndicator.swift */; };
		7C7916E41EBB15B20070E6C5 /* AvenuesExtensions.swift in Sources */ = {isa = PBXBuildFile; fileRef = 7C7916E31EBB15B20070E6C5 /* AvenuesExtensions.swift */; };
		7C7916E71EBB245A0070E6C5 /* UIKit+TGA.swift in Sources */ = {isa = PBXBuildFile; fileRef = 7C7916E61EBB245A0070E6C5 /* UIKit+TGA.swift */; };
		7C7916E91EBB326C0070E6C5 /* Shallows+Zip.swift in Sources */ = {isa = PBXBuildFile; fileRef = 7C7916E81EBB326C0070E6C5 /* Shallows+Zip.swift */; };
		7C7916EB1EBB34E50070E6C5 /* ShallowsExtensionsTests.swift in Sources */ = {isa = PBXBuildFile; fileRef = 7C7916EA1EBB34E50070E6C5 /* ShallowsExtensionsTests.swift */; };
		7C7916EC1EBB35AE0070E6C5 /* Shallows.framework in Frameworks */ = {isa = PBXBuildFile; fileRef = 7C0EA5FE1EBA1C3100F50EB2 /* Shallows.framework */; };
		7C7916EE1EBB36F70070E6C5 /* TeamsAPITests.swift in Sources */ = {isa = PBXBuildFile; fileRef = 7C7916ED1EBB36F70070E6C5 /* TeamsAPITests.swift */; };
		7C7916F01EBB37910070E6C5 /* TeamFull.swift in Sources */ = {isa = PBXBuildFile; fileRef = 7C7916EF1EBB37910070E6C5 /* TeamFull.swift */; };
		7C7916F41EBB3D050070E6C5 /* Storyboards.swift in Sources */ = {isa = PBXBuildFile; fileRef = 7C7916F31EBB3D050070E6C5 /* Storyboards.swift */; };
		7CF3D1741EBC838B00E86A91 /* MatchTableViewCell.swift in Sources */ = {isa = PBXBuildFile; fileRef = 7CF3D1721EBC838B00E86A91 /* MatchTableViewCell.swift */; };
		7CF3D1751EBC838B00E86A91 /* MatchTableViewCell.xib in Resources */ = {isa = PBXBuildFile; fileRef = 7CF3D1731EBC838B00E86A91 /* MatchTableViewCell.xib */; };
		7CF3D1771EBC870400E86A91 /* TeamDetailTableViewController.swift in Sources */ = {isa = PBXBuildFile; fileRef = 7CF3D1761EBC870400E86A91 /* TeamDetailTableViewController.swift */; };
		7CF3D17B1EBC879300E86A91 /* Match.swift in Sources */ = {isa = PBXBuildFile; fileRef = 7CF3D1791EBC873700E86A91 /* Match.swift */; };
/* End PBXBuildFile section */

/* Begin PBXContainerItemProxy section */
		7C0EA5EC1EBA1B3500F50EB2 /* PBXContainerItemProxy */ = {
			isa = PBXContainerItemProxy;
			containerPortal = 7C0EA5CF1EBA1B3400F50EB2 /* Project object */;
			proxyType = 1;
			remoteGlobalIDString = 7C0EA5D61EBA1B3500F50EB2;
			remoteInfo = TheGreatGame;
		};
		7C0EA6111EBA1C9000F50EB2 /* PBXContainerItemProxy */ = {
			isa = PBXContainerItemProxy;
			containerPortal = 7C0EA5CF1EBA1B3400F50EB2 /* Project object */;
			proxyType = 1;
			remoteGlobalIDString = 7C0EA6061EBA1C9000F50EB2;
			remoteInfo = TheGreatKit;
		};
		7C0EA6131EBA1C9000F50EB2 /* PBXContainerItemProxy */ = {
			isa = PBXContainerItemProxy;
			containerPortal = 7C0EA5CF1EBA1B3400F50EB2 /* Project object */;
			proxyType = 1;
			remoteGlobalIDString = 7C0EA5D61EBA1B3500F50EB2;
			remoteInfo = TheGreatGame;
		};
		7C0EA61A1EBA1C9000F50EB2 /* PBXContainerItemProxy */ = {
			isa = PBXContainerItemProxy;
			containerPortal = 7C0EA5CF1EBA1B3400F50EB2 /* Project object */;
			proxyType = 1;
			remoteGlobalIDString = 7C0EA6061EBA1C9000F50EB2;
			remoteInfo = TheGreatKit;
		};
/* End PBXContainerItemProxy section */

/* Begin PBXCopyFilesBuildPhase section */
		7C0EA6211EBA1C9000F50EB2 /* Embed Frameworks */ = {
			isa = PBXCopyFilesBuildPhase;
			buildActionMask = 2147483647;
			dstPath = "";
			dstSubfolderSpec = 10;
			files = (
				7C0EA61D1EBA1C9000F50EB2 /* TheGreatKit.framework in Embed Frameworks */,
			);
			name = "Embed Frameworks";
			runOnlyForDeploymentPostprocessing = 0;
		};
/* End PBXCopyFilesBuildPhase section */

/* Begin PBXFileReference section */
		7C0EA5D71EBA1B3500F50EB2 /* TheGreatGame.app */ = {isa = PBXFileReference; explicitFileType = wrapper.application; includeInIndex = 0; path = TheGreatGame.app; sourceTree = BUILT_PRODUCTS_DIR; };
		7C0EA5DA1EBA1B3500F50EB2 /* AppDelegate.swift */ = {isa = PBXFileReference; lastKnownFileType = sourcecode.swift; path = AppDelegate.swift; sourceTree = "<group>"; };
		7C0EA5DF1EBA1B3500F50EB2 /* Base */ = {isa = PBXFileReference; lastKnownFileType = file.storyboard; name = Base; path = Base.lproj/Main.storyboard; sourceTree = "<group>"; };
		7C0EA5E11EBA1B3500F50EB2 /* Assets.xcassets */ = {isa = PBXFileReference; lastKnownFileType = folder.assetcatalog; path = Assets.xcassets; sourceTree = "<group>"; };
		7C0EA5E41EBA1B3500F50EB2 /* Base */ = {isa = PBXFileReference; lastKnownFileType = file.storyboard; name = Base; path = Base.lproj/LaunchScreen.storyboard; sourceTree = "<group>"; };
		7C0EA5E61EBA1B3500F50EB2 /* Info.plist */ = {isa = PBXFileReference; lastKnownFileType = text.plist.xml; path = Info.plist; sourceTree = "<group>"; };
		7C0EA5EB1EBA1B3500F50EB2 /* TheGreatGameTests.xctest */ = {isa = PBXFileReference; explicitFileType = wrapper.cfbundle; includeInIndex = 0; path = TheGreatGameTests.xctest; sourceTree = BUILT_PRODUCTS_DIR; };
		7C0EA5EF1EBA1B3500F50EB2 /* TheGreatGameTests.swift */ = {isa = PBXFileReference; lastKnownFileType = sourcecode.swift; path = TheGreatGameTests.swift; sourceTree = "<group>"; };
		7C0EA5F11EBA1B3500F50EB2 /* Info.plist */ = {isa = PBXFileReference; lastKnownFileType = text.plist.xml; path = Info.plist; sourceTree = "<group>"; };
		7C0EA5FC1EBA1C3100F50EB2 /* Alba.framework */ = {isa = PBXFileReference; lastKnownFileType = wrapper.framework; name = Alba.framework; path = Carthage/Build/iOS/Alba.framework; sourceTree = "<group>"; };
		7C0EA5FD1EBA1C3100F50EB2 /* Avenues.framework */ = {isa = PBXFileReference; lastKnownFileType = wrapper.framework; name = Avenues.framework; path = Carthage/Build/iOS/Avenues.framework; sourceTree = "<group>"; };
		7C0EA5FE1EBA1C3100F50EB2 /* Shallows.framework */ = {isa = PBXFileReference; lastKnownFileType = wrapper.framework; name = Shallows.framework; path = Carthage/Build/iOS/Shallows.framework; sourceTree = "<group>"; };
		7C0EA6071EBA1C9000F50EB2 /* TheGreatKit.framework */ = {isa = PBXFileReference; explicitFileType = wrapper.framework; includeInIndex = 0; path = TheGreatKit.framework; sourceTree = BUILT_PRODUCTS_DIR; };
		7C0EA6091EBA1C9000F50EB2 /* TheGreatKit.h */ = {isa = PBXFileReference; lastKnownFileType = sourcecode.c.h; path = TheGreatKit.h; sourceTree = "<group>"; };
		7C0EA60A1EBA1C9000F50EB2 /* Info.plist */ = {isa = PBXFileReference; lastKnownFileType = text.plist.xml; path = Info.plist; sourceTree = "<group>"; };
		7C0EA60F1EBA1C9000F50EB2 /* TheGreatKitTests.xctest */ = {isa = PBXFileReference; explicitFileType = wrapper.cfbundle; includeInIndex = 0; path = TheGreatKitTests.xctest; sourceTree = BUILT_PRODUCTS_DIR; };
		7C0EA6161EBA1C9000F50EB2 /* TheGreatKitTests.swift */ = {isa = PBXFileReference; lastKnownFileType = sourcecode.swift; path = TheGreatKitTests.swift; sourceTree = "<group>"; };
		7C0EA6181EBA1C9000F50EB2 /* Info.plist */ = {isa = PBXFileReference; lastKnownFileType = text.plist.xml; path = Info.plist; sourceTree = "<group>"; };
		7C0EA6261EBA1CB100F50EB2 /* Jubilee.swift */ = {isa = PBXFileReference; fileEncoding = 4; lastKnownFileType = sourcecode.swift; path = Jubilee.swift; sourceTree = "<group>"; };
		7C0EA62D1EBA1CFC00F50EB2 /* GitHubCache.swift */ = {isa = PBXFileReference; fileEncoding = 4; lastKnownFileType = sourcecode.swift; path = GitHubCache.swift; sourceTree = "<group>"; };
		7C0EA6321EBA1D1E00F50EB2 /* InMap.swift */ = {isa = PBXFileReference; fileEncoding = 4; lastKnownFileType = sourcecode.swift; path = InMap.swift; sourceTree = "<group>"; };
		7C0EA6331EBA1D1E00F50EB2 /* InMappable.swift */ = {isa = PBXFileReference; fileEncoding = 4; lastKnownFileType = sourcecode.swift; path = InMappable.swift; sourceTree = "<group>"; };
		7C0EA6341EBA1D1E00F50EB2 /* InMapper.swift */ = {isa = PBXFileReference; fileEncoding = 4; lastKnownFileType = sourcecode.swift; path = InMapper.swift; sourceTree = "<group>"; };
		7C0EA6361EBA1D1E00F50EB2 /* OutMap.swift */ = {isa = PBXFileReference; fileEncoding = 4; lastKnownFileType = sourcecode.swift; path = OutMap.swift; sourceTree = "<group>"; };
		7C0EA6371EBA1D1E00F50EB2 /* OutMappable.swift */ = {isa = PBXFileReference; fileEncoding = 4; lastKnownFileType = sourcecode.swift; path = OutMappable.swift; sourceTree = "<group>"; };
		7C0EA6381EBA1D1E00F50EB2 /* OutMapper.swift */ = {isa = PBXFileReference; fileEncoding = 4; lastKnownFileType = sourcecode.swift; path = OutMapper.swift; sourceTree = "<group>"; };
		7C0EA6391EBA1D1E00F50EB2 /* IndexPath.swift */ = {isa = PBXFileReference; fileEncoding = 4; lastKnownFileType = sourcecode.swift; path = IndexPath.swift; sourceTree = "<group>"; };
		7C0EA63A1EBA1D1E00F50EB2 /* Mappable.swift */ = {isa = PBXFileReference; fileEncoding = 4; lastKnownFileType = sourcecode.swift; path = Mappable.swift; sourceTree = "<group>"; };
		7C0EA63B1EBA1D1E00F50EB2 /* CocoaMapper.swift */ = {isa = PBXFileReference; fileEncoding = 4; lastKnownFileType = sourcecode.swift; path = CocoaMapper.swift; sourceTree = "<group>"; };
		7C0EA64E1EBA1D3100F50EB2 /* Shallows+Mapper.swift */ = {isa = PBXFileReference; fileEncoding = 4; lastKnownFileType = sourcecode.swift; path = "Shallows+Mapper.swift"; sourceTree = "<group>"; };
		7C0EA6501EBA1E0C00F50EB2 /* Application.swift */ = {isa = PBXFileReference; fileEncoding = 4; lastKnownFileType = sourcecode.swift; path = Application.swift; sourceTree = "<group>"; };
		7C0EA6521EBA1E4900F50EB2 /* UserInterface.swift */ = {isa = PBXFileReference; fileEncoding = 4; lastKnownFileType = sourcecode.swift; path = UserInterface.swift; sourceTree = "<group>"; };
		7C0EA6551EBA1ECB00F50EB2 /* Teams.swift */ = {isa = PBXFileReference; fileEncoding = 4; lastKnownFileType = sourcecode.swift; path = Teams.swift; sourceTree = "<group>"; };
		7C0EA6581EBA1EF200F50EB2 /* Team.swift */ = {isa = PBXFileReference; fileEncoding = 4; lastKnownFileType = sourcecode.swift; path = Team.swift; sourceTree = "<group>"; };
		7C0EA65A1EBA1F0200F50EB2 /* Editioned.swift */ = {isa = PBXFileReference; fileEncoding = 4; lastKnownFileType = sourcecode.swift; path = Editioned.swift; sourceTree = "<group>"; };
		7C0EA65C1EBA218000F50EB2 /* TeamsTableViewController.swift */ = {isa = PBXFileReference; fileEncoding = 4; lastKnownFileType = sourcecode.swift; path = TeamsTableViewController.swift; sourceTree = "<group>"; };
		7C0EA6611EBA542E00F50EB2 /* TeamCompactTableViewCell.swift */ = {isa = PBXFileReference; fileEncoding = 4; lastKnownFileType = sourcecode.swift; path = TeamCompactTableViewCell.swift; sourceTree = "<group>"; };
		7C0EA6621EBA542E00F50EB2 /* TeamCompactTableViewCell.xib */ = {isa = PBXFileReference; fileEncoding = 4; lastKnownFileType = file.xib; path = TeamCompactTableViewCell.xib; sourceTree = "<group>"; };
		7C0EA6651EBA599D00F50EB2 /* Avenues+Shallows.swift */ = {isa = PBXFileReference; fileEncoding = 4; lastKnownFileType = sourcecode.swift; path = "Avenues+Shallows.swift"; sourceTree = "<group>"; };
		7C1E66371EBB4284003AF505 /* ViewController.swift */ = {isa = PBXFileReference; fileEncoding = 4; lastKnownFileType = sourcecode.swift; path = ViewController.swift; sourceTree = "<group>"; };
		7C1E66391EBB42C4003AF505 /* TableViewController.swift */ = {isa = PBXFileReference; fileEncoding = 4; lastKnownFileType = sourcecode.swift; path = TableViewController.swift; sourceTree = "<group>"; };
		7C1E663B1EBB42FE003AF505 /* NavigationController.swift */ = {isa = PBXFileReference; fileEncoding = 4; lastKnownFileType = sourcecode.swift; path = NavigationController.swift; sourceTree = "<group>"; };
		7C1E663E1EBB5651003AF505 /* Colors.json */ = {isa = PBXFileReference; fileEncoding = 4; lastKnownFileType = text.json; path = Colors.json; sourceTree = "<group>"; };
		7C1E66401EBB5740003AF505 /* Colors.swift */ = {isa = PBXFileReference; fileEncoding = 4; lastKnownFileType = sourcecode.swift; path = Colors.swift; sourceTree = "<group>"; };
		7C1E66441EBB67CC003AF505 /* Group.swift */ = {isa = PBXFileReference; fileEncoding = 4; lastKnownFileType = sourcecode.swift; path = Group.swift; sourceTree = "<group>"; };
		7C6B36BD1EBCA88100FC17F9 /* Matches.swift */ = {isa = PBXFileReference; fileEncoding = 4; lastKnownFileType = sourcecode.swift; path = Matches.swift; sourceTree = "<group>"; };
		7C6B36C01EBCA98100FC17F9 /* MatchesTableViewController.swift */ = {isa = PBXFileReference; fileEncoding = 4; lastKnownFileType = sourcecode.swift; path = MatchesTableViewController.swift; sourceTree = "<group>"; };
		7C6B36C21EBCAEDD00FC17F9 /* TabBarController.swift */ = {isa = PBXFileReference; fileEncoding = 4; lastKnownFileType = sourcecode.swift; path = TabBarController.swift; sourceTree = "<group>"; };
		7C7916DC1EBB10370070E6C5 /* NetworkActivity.swift */ = {isa = PBXFileReference; fileEncoding = 4; lastKnownFileType = sourcecode.swift; path = NetworkActivity.swift; sourceTree = "<group>"; };
		7C7916DE1EBB12250070E6C5 /* NetworkActivityIndicatorTests.swift */ = {isa = PBXFileReference; fileEncoding = 4; lastKnownFileType = sourcecode.swift; path = NetworkActivityIndicatorTests.swift; sourceTree = "<group>"; };
		7C7916E01EBB14D40070E6C5 /* Shallows+ActivityIndicator.swift */ = {isa = PBXFileReference; fileEncoding = 4; lastKnownFileType = sourcecode.swift; path = "Shallows+ActivityIndicator.swift"; sourceTree = "<group>"; };
		7C7916E31EBB15B20070E6C5 /* AvenuesExtensions.swift */ = {isa = PBXFileReference; fileEncoding = 4; lastKnownFileType = sourcecode.swift; path = AvenuesExtensions.swift; sourceTree = "<group>"; };
		7C7916E61EBB245A0070E6C5 /* UIKit+TGA.swift */ = {isa = PBXFileReference; fileEncoding = 4; lastKnownFileType = sourcecode.swift; path = "UIKit+TGA.swift"; sourceTree = "<group>"; };
		7C7916E81EBB326C0070E6C5 /* Shallows+Zip.swift */ = {isa = PBXFileReference; fileEncoding = 4; lastKnownFileType = sourcecode.swift; path = "Shallows+Zip.swift"; sourceTree = "<group>"; };
		7C7916EA1EBB34E50070E6C5 /* ShallowsExtensionsTests.swift */ = {isa = PBXFileReference; fileEncoding = 4; lastKnownFileType = sourcecode.swift; path = ShallowsExtensionsTests.swift; sourceTree = "<group>"; };
		7C7916ED1EBB36F70070E6C5 /* TeamsAPITests.swift */ = {isa = PBXFileReference; fileEncoding = 4; lastKnownFileType = sourcecode.swift; path = TeamsAPITests.swift; sourceTree = "<group>"; };
		7C7916EF1EBB37910070E6C5 /* TeamFull.swift */ = {isa = PBXFileReference; fileEncoding = 4; lastKnownFileType = sourcecode.swift; path = TeamFull.swift; sourceTree = "<group>"; };
		7C7916F31EBB3D050070E6C5 /* Storyboards.swift */ = {isa = PBXFileReference; fileEncoding = 4; lastKnownFileType = sourcecode.swift; path = Storyboards.swift; sourceTree = "<group>"; };
		7CF3D1721EBC838B00E86A91 /* MatchTableViewCell.swift */ = {isa = PBXFileReference; fileEncoding = 4; lastKnownFileType = sourcecode.swift; path = MatchTableViewCell.swift; sourceTree = "<group>"; };
		7CF3D1731EBC838B00E86A91 /* MatchTableViewCell.xib */ = {isa = PBXFileReference; fileEncoding = 4; lastKnownFileType = file.xib; path = MatchTableViewCell.xib; sourceTree = "<group>"; };
		7CF3D1761EBC870400E86A91 /* TeamDetailTableViewController.swift */ = {isa = PBXFileReference; fileEncoding = 4; lastKnownFileType = sourcecode.swift; path = TeamDetailTableViewController.swift; sourceTree = "<group>"; };
		7CF3D1791EBC873700E86A91 /* Match.swift */ = {isa = PBXFileReference; fileEncoding = 4; lastKnownFileType = sourcecode.swift; path = Match.swift; sourceTree = "<group>"; };
/* End PBXFileReference section */

/* Begin PBXFrameworksBuildPhase section */
		7C0EA5D41EBA1B3500F50EB2 /* Frameworks */ = {
			isa = PBXFrameworksBuildPhase;
			buildActionMask = 2147483647;
			files = (
				7C0EA5FF1EBA1C3100F50EB2 /* Alba.framework in Frameworks */,
				7C0EA61C1EBA1C9000F50EB2 /* TheGreatKit.framework in Frameworks */,
				7C0EA6001EBA1C3100F50EB2 /* Avenues.framework in Frameworks */,
				7C0EA6011EBA1C3100F50EB2 /* Shallows.framework in Frameworks */,
			);
			runOnlyForDeploymentPostprocessing = 0;
		};
		7C0EA5E81EBA1B3500F50EB2 /* Frameworks */ = {
			isa = PBXFrameworksBuildPhase;
			buildActionMask = 2147483647;
			files = (
			);
			runOnlyForDeploymentPostprocessing = 0;
		};
		7C0EA6031EBA1C9000F50EB2 /* Frameworks */ = {
			isa = PBXFrameworksBuildPhase;
			buildActionMask = 2147483647;
			files = (
				7C0EA6291EBA1CC300F50EB2 /* Alba.framework in Frameworks */,
				7C0EA62A1EBA1CC400F50EB2 /* Avenues.framework in Frameworks */,
				7C0EA62B1EBA1CC700F50EB2 /* Shallows.framework in Frameworks */,
			);
			runOnlyForDeploymentPostprocessing = 0;
		};
		7C0EA60C1EBA1C9000F50EB2 /* Frameworks */ = {
			isa = PBXFrameworksBuildPhase;
			buildActionMask = 2147483647;
			files = (
				7C0EA6101EBA1C9000F50EB2 /* TheGreatKit.framework in Frameworks */,
				7C7916EC1EBB35AE0070E6C5 /* Shallows.framework in Frameworks */,
			);
			runOnlyForDeploymentPostprocessing = 0;
		};
/* End PBXFrameworksBuildPhase section */

/* Begin PBXGroup section */
		7C0EA5CE1EBA1B3400F50EB2 = {
			isa = PBXGroup;
			children = (
				7C0EA6251EBA1CA300F50EB2 /* Shared */,
				7C0EA5D91EBA1B3500F50EB2 /* iOS App */,
				7C0EA5EE1EBA1B3500F50EB2 /* iOS Tests */,
				7C0EA6081EBA1C9000F50EB2 /* Kit */,
				7C0EA6151EBA1C9000F50EB2 /* Kit Tests */,
				7C0EA5D81EBA1B3500F50EB2 /* Products */,
				7C0EA5FB1EBA1C3100F50EB2 /* Frameworks */,
			);
			sourceTree = "<group>";
		};
		7C0EA5D81EBA1B3500F50EB2 /* Products */ = {
			isa = PBXGroup;
			children = (
				7C0EA5D71EBA1B3500F50EB2 /* TheGreatGame.app */,
				7C0EA5EB1EBA1B3500F50EB2 /* TheGreatGameTests.xctest */,
				7C0EA6071EBA1C9000F50EB2 /* TheGreatKit.framework */,
				7C0EA60F1EBA1C9000F50EB2 /* TheGreatKitTests.xctest */,
			);
			name = Products;
			sourceTree = "<group>";
		};
		7C0EA5D91EBA1B3500F50EB2 /* iOS App */ = {
			isa = PBXGroup;
			children = (
				7C1E663E1EBB5651003AF505 /* Colors.json */,
				7C7916F21EBB3D050070E6C5 /* Generated */,
				7C0EA65E1EBA53F100F50EB2 /* View */,
				7C0EA6501EBA1E0C00F50EB2 /* Application.swift */,
				7C0EA6521EBA1E4900F50EB2 /* UserInterface.swift */,
				7C0EA5DA1EBA1B3500F50EB2 /* AppDelegate.swift */,
				7C0EA5DE1EBA1B3500F50EB2 /* Main.storyboard */,
				7C0EA5E11EBA1B3500F50EB2 /* Assets.xcassets */,
				7C0EA5E31EBA1B3500F50EB2 /* LaunchScreen.storyboard */,
				7C0EA5E61EBA1B3500F50EB2 /* Info.plist */,
			);
			path = "iOS App";
			sourceTree = "<group>";
		};
		7C0EA5EE1EBA1B3500F50EB2 /* iOS Tests */ = {
			isa = PBXGroup;
			children = (
				7C0EA5EF1EBA1B3500F50EB2 /* TheGreatGameTests.swift */,
				7C0EA5F11EBA1B3500F50EB2 /* Info.plist */,
			);
			path = "iOS Tests";
			sourceTree = "<group>";
		};
		7C0EA5FB1EBA1C3100F50EB2 /* Frameworks */ = {
			isa = PBXGroup;
			children = (
				7C0EA5FC1EBA1C3100F50EB2 /* Alba.framework */,
				7C0EA5FD1EBA1C3100F50EB2 /* Avenues.framework */,
				7C0EA5FE1EBA1C3100F50EB2 /* Shallows.framework */,
			);
			name = Frameworks;
			sourceTree = "<group>";
		};
		7C0EA6081EBA1C9000F50EB2 /* Kit */ = {
			isa = PBXGroup;
			children = (
				7C0EA6541EBA1EBF00F50EB2 /* API */,
				7C7916DB1EBB101A0070E6C5 /* Services */,
				7C0EA6571EBA1EDA00F50EB2 /* Models */,
				7C0EA6301EBA1D0600F50EB2 /* Mapper */,
				7C7916E21EBB15980070E6C5 /* TGK+Avenues */,
				7C0EA62C1EBA1CDD00F50EB2 /* TGK+Shallows */,
				7C0EA6091EBA1C9000F50EB2 /* TheGreatKit.h */,
				7C0EA60A1EBA1C9000F50EB2 /* Info.plist */,
			);
			path = Kit;
			sourceTree = "<group>";
		};
		7C0EA6151EBA1C9000F50EB2 /* Kit Tests */ = {
			isa = PBXGroup;
			children = (
				7C0EA6161EBA1C9000F50EB2 /* TheGreatKitTests.swift */,
				7C0EA6181EBA1C9000F50EB2 /* Info.plist */,
				7C7916DE1EBB12250070E6C5 /* NetworkActivityIndicatorTests.swift */,
				7C7916EA1EBB34E50070E6C5 /* ShallowsExtensionsTests.swift */,
				7C7916ED1EBB36F70070E6C5 /* TeamsAPITests.swift */,
			);
			path = "Kit Tests";
			sourceTree = "<group>";
		};
		7C0EA6251EBA1CA300F50EB2 /* Shared */ = {
			isa = PBXGroup;
			children = (
				7C0EA6261EBA1CB100F50EB2 /* Jubilee.swift */,
			);
			path = Shared;
			sourceTree = "<group>";
		};
		7C0EA62C1EBA1CDD00F50EB2 /* TGK+Shallows */ = {
			isa = PBXGroup;
			children = (
				7C0EA6651EBA599D00F50EB2 /* Avenues+Shallows.swift */,
				7C0EA62D1EBA1CFC00F50EB2 /* GitHubCache.swift */,
				7C0EA64E1EBA1D3100F50EB2 /* Shallows+Mapper.swift */,
				7C7916E01EBB14D40070E6C5 /* Shallows+ActivityIndicator.swift */,
				7C7916E81EBB326C0070E6C5 /* Shallows+Zip.swift */,
			);
			path = "TGK+Shallows";
			sourceTree = "<group>";
		};
		7C0EA6301EBA1D0600F50EB2 /* Mapper */ = {
			isa = PBXGroup;
			children = (
				7C0EA6311EBA1D1E00F50EB2 /* InMapper */,
				7C0EA6351EBA1D1E00F50EB2 /* OutMapper */,
				7C0EA6391EBA1D1E00F50EB2 /* IndexPath.swift */,
				7C0EA63A1EBA1D1E00F50EB2 /* Mappable.swift */,
				7C0EA63B1EBA1D1E00F50EB2 /* CocoaMapper.swift */,
			);
			path = Mapper;
			sourceTree = "<group>";
		};
		7C0EA6311EBA1D1E00F50EB2 /* InMapper */ = {
			isa = PBXGroup;
			children = (
				7C0EA6321EBA1D1E00F50EB2 /* InMap.swift */,
				7C0EA6331EBA1D1E00F50EB2 /* InMappable.swift */,
				7C0EA6341EBA1D1E00F50EB2 /* InMapper.swift */,
			);
			path = InMapper;
			sourceTree = "<group>";
		};
		7C0EA6351EBA1D1E00F50EB2 /* OutMapper */ = {
			isa = PBXGroup;
			children = (
				7C0EA6361EBA1D1E00F50EB2 /* OutMap.swift */,
				7C0EA6371EBA1D1E00F50EB2 /* OutMappable.swift */,
				7C0EA6381EBA1D1E00F50EB2 /* OutMapper.swift */,
			);
			path = OutMapper;
			sourceTree = "<group>";
		};
		7C0EA6541EBA1EBF00F50EB2 /* API */ = {
			isa = PBXGroup;
			children = (
				7C0EA6551EBA1ECB00F50EB2 /* Teams.swift */,
				7C6B36BD1EBCA88100FC17F9 /* Matches.swift */,
			);
			path = API;
			sourceTree = "<group>";
		};
		7C0EA6571EBA1EDA00F50EB2 /* Models */ = {
			isa = PBXGroup;
			children = (
				7CF3D1781EBC872C00E86A91 /* Match */,
				7C1E66431EBB66AB003AF505 /* Group */,
				7C1E66421EBB5B31003AF505 /* Team */,
				7C0EA65A1EBA1F0200F50EB2 /* Editioned.swift */,
			);
			path = Models;
			sourceTree = "<group>";
		};
		7C0EA65E1EBA53F100F50EB2 /* View */ = {
			isa = PBXGroup;
			children = (
				7C1E663D1EBB4319003AF505 /* Bases */,
				7C7916E51EBB24420070E6C5 /* Extensions */,
				7C0EA65F1EBA53F600F50EB2 /* TeamsList */,
				7C7916F51EBB3D2D0070E6C5 /* TeamDetail */,
				7C6B36BF1EBCA96300FC17F9 /* MatchesList */,
			);
			path = View;
			sourceTree = "<group>";
		};
		7C0EA65F1EBA53F600F50EB2 /* TeamsList */ = {
			isa = PBXGroup;
			children = (
				7C0EA6601EBA541300F50EB2 /* Views */,
				7C0EA65C1EBA218000F50EB2 /* TeamsTableViewController.swift */,
			);
			path = TeamsList;
			sourceTree = "<group>";
		};
		7C0EA6601EBA541300F50EB2 /* Views */ = {
			isa = PBXGroup;
			children = (
				7C0EA6611EBA542E00F50EB2 /* TeamCompactTableViewCell.swift */,
				7C0EA6621EBA542E00F50EB2 /* TeamCompactTableViewCell.xib */,
			);
			path = Views;
			sourceTree = "<group>";
		};
		7C1E663D1EBB4319003AF505 /* Bases */ = {
			isa = PBXGroup;
			children = (
				7C1E66371EBB4284003AF505 /* ViewController.swift */,
				7C1E66391EBB42C4003AF505 /* TableViewController.swift */,
				7C1E663B1EBB42FE003AF505 /* NavigationController.swift */,
				7C6B36C21EBCAEDD00FC17F9 /* TabBarController.swift */,
			);
			path = Bases;
			sourceTree = "<group>";
		};
		7C1E66421EBB5B31003AF505 /* Team */ = {
			isa = PBXGroup;
			children = (
				7C0EA6581EBA1EF200F50EB2 /* Team.swift */,
				7C7916EF1EBB37910070E6C5 /* TeamFull.swift */,
			);
			path = Team;
			sourceTree = "<group>";
		};
		7C1E66431EBB66AB003AF505 /* Group */ = {
			isa = PBXGroup;
			children = (
				7C1E66441EBB67CC003AF505 /* Group.swift */,
			);
			path = Group;
			sourceTree = "<group>";
		};
		7C6B36BF1EBCA96300FC17F9 /* MatchesList */ = {
			isa = PBXGroup;
			children = (
				7C6B36C01EBCA98100FC17F9 /* MatchesTableViewController.swift */,
			);
			name = MatchesList;
			sourceTree = "<group>";
		};
		7C7916DB1EBB101A0070E6C5 /* Services */ = {
			isa = PBXGroup;
			children = (
				7C7916DC1EBB10370070E6C5 /* NetworkActivity.swift */,
			);
			path = Services;
			sourceTree = "<group>";
		};
		7C7916E21EBB15980070E6C5 /* TGK+Avenues */ = {
			isa = PBXGroup;
			children = (
				7C7916E31EBB15B20070E6C5 /* AvenuesExtensions.swift */,
			);
			path = "TGK+Avenues";
			sourceTree = "<group>";
		};
		7C7916E51EBB24420070E6C5 /* Extensions */ = {
			isa = PBXGroup;
			children = (
				7C7916E61EBB245A0070E6C5 /* UIKit+TGA.swift */,
			);
			path = Extensions;
			sourceTree = "<group>";
		};
		7C7916F21EBB3D050070E6C5 /* Generated */ = {
			isa = PBXGroup;
			children = (
				7C1E66401EBB5740003AF505 /* Colors.swift */,
				7C7916F31EBB3D050070E6C5 /* Storyboards.swift */,
			);
			path = Generated;
			sourceTree = "<group>";
		};
		7C7916F51EBB3D2D0070E6C5 /* TeamDetail */ = {
			isa = PBXGroup;
			children = (
				7CF3D16D1EBC834A00E86A91 /* Views */,
				7CF3D1761EBC870400E86A91 /* TeamDetailTableViewController.swift */,
			);
			path = TeamDetail;
			sourceTree = "<group>";
		};
		7CF3D16D1EBC834A00E86A91 /* Views */ = {
			isa = PBXGroup;
			children = (
				7CF3D1721EBC838B00E86A91 /* MatchTableViewCell.swift */,
				7CF3D1731EBC838B00E86A91 /* MatchTableViewCell.xib */,
			);
			name = Views;
			sourceTree = "<group>";
		};
		7CF3D1781EBC872C00E86A91 /* Match */ = {
			isa = PBXGroup;
			children = (
				7CF3D1791EBC873700E86A91 /* Match.swift */,
			);
			name = Match;
			sourceTree = "<group>";
		};
/* End PBXGroup section */

/* Begin PBXHeadersBuildPhase section */
		7C0EA6041EBA1C9000F50EB2 /* Headers */ = {
			isa = PBXHeadersBuildPhase;
			buildActionMask = 2147483647;
			files = (
				7C0EA6191EBA1C9000F50EB2 /* TheGreatKit.h in Headers */,
			);
			runOnlyForDeploymentPostprocessing = 0;
		};
/* End PBXHeadersBuildPhase section */

/* Begin PBXNativeTarget section */
		7C0EA5D61EBA1B3500F50EB2 /* TheGreatGame */ = {
			isa = PBXNativeTarget;
			buildConfigurationList = 7C0EA5F41EBA1B3500F50EB2 /* Build configuration list for PBXNativeTarget "TheGreatGame" */;
			buildPhases = (
				7C7916F11EBB3BDA0070E6C5 /* Swift Gen */,
				7C0EA5D31EBA1B3500F50EB2 /* Sources */,
				7C0EA5D41EBA1B3500F50EB2 /* Frameworks */,
				7C0EA5D51EBA1B3500F50EB2 /* Resources */,
				7C0EA5FA1EBA1BEF00F50EB2 /* Carthage Copy Frameworks */,
				7C0EA6211EBA1C9000F50EB2 /* Embed Frameworks */,
			);
			buildRules = (
			);
			dependencies = (
				7C0EA61B1EBA1C9000F50EB2 /* PBXTargetDependency */,
			);
			name = TheGreatGame;
			productName = TheGreatGame;
			productReference = 7C0EA5D71EBA1B3500F50EB2 /* TheGreatGame.app */;
			productType = "com.apple.product-type.application";
		};
		7C0EA5EA1EBA1B3500F50EB2 /* TheGreatGameTests */ = {
			isa = PBXNativeTarget;
			buildConfigurationList = 7C0EA5F71EBA1B3500F50EB2 /* Build configuration list for PBXNativeTarget "TheGreatGameTests" */;
			buildPhases = (
				7C0EA5E71EBA1B3500F50EB2 /* Sources */,
				7C0EA5E81EBA1B3500F50EB2 /* Frameworks */,
				7C0EA5E91EBA1B3500F50EB2 /* Resources */,
			);
			buildRules = (
			);
			dependencies = (
				7C0EA5ED1EBA1B3500F50EB2 /* PBXTargetDependency */,
			);
			name = TheGreatGameTests;
			productName = TheGreatGameTests;
			productReference = 7C0EA5EB1EBA1B3500F50EB2 /* TheGreatGameTests.xctest */;
			productType = "com.apple.product-type.bundle.unit-test";
		};
		7C0EA6061EBA1C9000F50EB2 /* TheGreatKit */ = {
			isa = PBXNativeTarget;
			buildConfigurationList = 7C0EA61E1EBA1C9000F50EB2 /* Build configuration list for PBXNativeTarget "TheGreatKit" */;
			buildPhases = (
				7C0EA6021EBA1C9000F50EB2 /* Sources */,
				7C0EA6031EBA1C9000F50EB2 /* Frameworks */,
				7C0EA6041EBA1C9000F50EB2 /* Headers */,
				7C0EA6051EBA1C9000F50EB2 /* Resources */,
			);
			buildRules = (
			);
			dependencies = (
			);
			name = TheGreatKit;
			productName = TheGreatKit;
			productReference = 7C0EA6071EBA1C9000F50EB2 /* TheGreatKit.framework */;
			productType = "com.apple.product-type.framework";
		};
		7C0EA60E1EBA1C9000F50EB2 /* TheGreatKitTests */ = {
			isa = PBXNativeTarget;
			buildConfigurationList = 7C0EA6221EBA1C9000F50EB2 /* Build configuration list for PBXNativeTarget "TheGreatKitTests" */;
			buildPhases = (
				7C0EA60B1EBA1C9000F50EB2 /* Sources */,
				7C0EA60C1EBA1C9000F50EB2 /* Frameworks */,
				7C0EA60D1EBA1C9000F50EB2 /* Resources */,
			);
			buildRules = (
			);
			dependencies = (
				7C0EA6121EBA1C9000F50EB2 /* PBXTargetDependency */,
				7C0EA6141EBA1C9000F50EB2 /* PBXTargetDependency */,
			);
			name = TheGreatKitTests;
			productName = TheGreatKitTests;
			productReference = 7C0EA60F1EBA1C9000F50EB2 /* TheGreatKitTests.xctest */;
			productType = "com.apple.product-type.bundle.unit-test";
		};
/* End PBXNativeTarget section */

/* Begin PBXProject section */
		7C0EA5CF1EBA1B3400F50EB2 /* Project object */ = {
			isa = PBXProject;
			attributes = {
				LastSwiftUpdateCheck = 0830;
				LastUpgradeCheck = 0830;
				ORGANIZATIONNAME = "The Great Game";
				TargetAttributes = {
					7C0EA5D61EBA1B3500F50EB2 = {
						CreatedOnToolsVersion = 8.3.2;
						DevelopmentTeam = 8E9Y56P64W;
						ProvisioningStyle = Automatic;
					};
					7C0EA5EA1EBA1B3500F50EB2 = {
						CreatedOnToolsVersion = 8.3.2;
						DevelopmentTeam = 8E9Y56P64W;
						ProvisioningStyle = Automatic;
						TestTargetID = 7C0EA5D61EBA1B3500F50EB2;
					};
					7C0EA6061EBA1C9000F50EB2 = {
						CreatedOnToolsVersion = 8.3.2;
						DevelopmentTeam = 8E9Y56P64W;
						LastSwiftMigration = 0830;
						ProvisioningStyle = Automatic;
					};
					7C0EA60E1EBA1C9000F50EB2 = {
						CreatedOnToolsVersion = 8.3.2;
						DevelopmentTeam = 8E9Y56P64W;
						ProvisioningStyle = Automatic;
						TestTargetID = 7C0EA5D61EBA1B3500F50EB2;
					};
				};
			};
			buildConfigurationList = 7C0EA5D21EBA1B3400F50EB2 /* Build configuration list for PBXProject "TheGreatGame" */;
			compatibilityVersion = "Xcode 3.2";
			developmentRegion = English;
			hasScannedForEncodings = 0;
			knownRegions = (
				en,
				Base,
			);
			mainGroup = 7C0EA5CE1EBA1B3400F50EB2;
			productRefGroup = 7C0EA5D81EBA1B3500F50EB2 /* Products */;
			projectDirPath = "";
			projectRoot = "";
			targets = (
				7C0EA5D61EBA1B3500F50EB2 /* TheGreatGame */,
				7C0EA5EA1EBA1B3500F50EB2 /* TheGreatGameTests */,
				7C0EA6061EBA1C9000F50EB2 /* TheGreatKit */,
				7C0EA60E1EBA1C9000F50EB2 /* TheGreatKitTests */,
			);
		};
/* End PBXProject section */

/* Begin PBXResourcesBuildPhase section */
		7C0EA5D51EBA1B3500F50EB2 /* Resources */ = {
			isa = PBXResourcesBuildPhase;
			buildActionMask = 2147483647;
			files = (
				7C0EA5E51EBA1B3500F50EB2 /* LaunchScreen.storyboard in Resources */,
				7C1E663F1EBB5651003AF505 /* Colors.json in Resources */,
				7C0EA5E21EBA1B3500F50EB2 /* Assets.xcassets in Resources */,
				7C0EA6641EBA542E00F50EB2 /* TeamCompactTableViewCell.xib in Resources */,
				7CF3D1751EBC838B00E86A91 /* MatchTableViewCell.xib in Resources */,
				7C0EA5E01EBA1B3500F50EB2 /* Main.storyboard in Resources */,
			);
			runOnlyForDeploymentPostprocessing = 0;
		};
		7C0EA5E91EBA1B3500F50EB2 /* Resources */ = {
			isa = PBXResourcesBuildPhase;
			buildActionMask = 2147483647;
			files = (
			);
			runOnlyForDeploymentPostprocessing = 0;
		};
		7C0EA6051EBA1C9000F50EB2 /* Resources */ = {
			isa = PBXResourcesBuildPhase;
			buildActionMask = 2147483647;
			files = (
			);
			runOnlyForDeploymentPostprocessing = 0;
		};
		7C0EA60D1EBA1C9000F50EB2 /* Resources */ = {
			isa = PBXResourcesBuildPhase;
			buildActionMask = 2147483647;
			files = (
			);
			runOnlyForDeploymentPostprocessing = 0;
		};
/* End PBXResourcesBuildPhase section */

/* Begin PBXShellScriptBuildPhase section */
		7C0EA5FA1EBA1BEF00F50EB2 /* Carthage Copy Frameworks */ = {
			isa = PBXShellScriptBuildPhase;
			buildActionMask = 2147483647;
			files = (
			);
			inputPaths = (
				"$(SRCROOT)/Carthage/Build/iOS/Alba.framework",
				"$(SRCROOT)/Carthage/Build/iOS/Shallows.framework",
				"$(SRCROOT)/Carthage/Build/iOS/Avenues.framework",
			);
			name = "Carthage Copy Frameworks";
			outputPaths = (
			);
			runOnlyForDeploymentPostprocessing = 0;
			shellPath = /bin/sh;
			shellScript = "/usr/local/bin/carthage copy-frameworks";
		};
		7C7916F11EBB3BDA0070E6C5 /* Swift Gen */ = {
			isa = PBXShellScriptBuildPhase;
			buildActionMask = 2147483647;
			files = (
			);
			inputPaths = (
			);
			name = "Swift Gen";
			outputPaths = (
			);
			runOnlyForDeploymentPostprocessing = 0;
			shellPath = /bin/sh;
			shellScript = "if which swiftgen >/dev/null; then\nswiftgen storyboards -p \"$PROJECT_DIR/Resources/storyboards-lyft.stencil\" --sceneEnumName Storyboard \"$PROJECT_DIR/iOS App\" > \"$PROJECT_DIR/iOS App/Generated/Storyboards.swift\"\nswiftgen colors -t swift3 \"$PROJECT_DIR/iOS App/Colors.json\" --output \"$PROJECT_DIR/iOS App/Generated/Colors.swift\"\nelse\necho \"warning: SwiftGen not installed, download it from https://github.com/AliSoftware/SwiftGen\"\nfi";
		};
/* End PBXShellScriptBuildPhase section */

/* Begin PBXSourcesBuildPhase section */
		7C0EA5D31EBA1B3500F50EB2 /* Sources */ = {
			isa = PBXSourcesBuildPhase;
			buildActionMask = 2147483647;
			files = (
				7C1E66381EBB4284003AF505 /* ViewController.swift in Sources */,
				7C6B36C31EBCAEDD00FC17F9 /* TabBarController.swift in Sources */,
				7CF3D1771EBC870400E86A91 /* TeamDetailTableViewController.swift in Sources */,
				7C1E663C1EBB42FE003AF505 /* NavigationController.swift in Sources */,
				7C7916F41EBB3D050070E6C5 /* Storyboards.swift in Sources */,
				7C0EA6511EBA1E0C00F50EB2 /* Application.swift in Sources */,
				7CF3D1741EBC838B00E86A91 /* MatchTableViewCell.swift in Sources */,
				7C0EA5DB1EBA1B3500F50EB2 /* AppDelegate.swift in Sources */,
				7C0EA65D1EBA218000F50EB2 /* TeamsTableViewController.swift in Sources */,
				7C1E663A1EBB42C4003AF505 /* TableViewController.swift in Sources */,
				7C1E66411EBB5740003AF505 /* Colors.swift in Sources */,
				7C0EA6271EBA1CB100F50EB2 /* Jubilee.swift in Sources */,
				7C0EA6631EBA542E00F50EB2 /* TeamCompactTableViewCell.swift in Sources */,
				7C7916E71EBB245A0070E6C5 /* UIKit+TGA.swift in Sources */,
				7C0EA6531EBA1E4900F50EB2 /* UserInterface.swift in Sources */,
				7C6B36C11EBCA98100FC17F9 /* MatchesTableViewController.swift in Sources */,
			);
			runOnlyForDeploymentPostprocessing = 0;
		};
		7C0EA5E71EBA1B3500F50EB2 /* Sources */ = {
			isa = PBXSourcesBuildPhase;
			buildActionMask = 2147483647;
			files = (
				7C0EA5F01EBA1B3500F50EB2 /* TheGreatGameTests.swift in Sources */,
			);
			runOnlyForDeploymentPostprocessing = 0;
		};
		7C0EA6021EBA1C9000F50EB2 /* Sources */ = {
			isa = PBXSourcesBuildPhase;
			buildActionMask = 2147483647;
			files = (
				7C7916E91EBB326C0070E6C5 /* Shallows+Zip.swift in Sources */,
				7C7916DD1EBB10370070E6C5 /* NetworkActivity.swift in Sources */,
				7C7916E11EBB14D50070E6C5 /* Shallows+ActivityIndicator.swift in Sources */,
				7C0EA6451EBA1D1E00F50EB2 /* OutMappable.swift in Sources */,
				7C0EA64B1EBA1D1E00F50EB2 /* Mappable.swift in Sources */,
				7C0EA6411EBA1D1E00F50EB2 /* InMapper.swift in Sources */,
				7C0EA64D1EBA1D1E00F50EB2 /* CocoaMapper.swift in Sources */,
				7CF3D17B1EBC879300E86A91 /* Match.swift in Sources */,
				7C7916E41EBB15B20070E6C5 /* AvenuesExtensions.swift in Sources */,
				7C0EA6661EBA599D00F50EB2 /* Avenues+Shallows.swift in Sources */,
				7C0EA63F1EBA1D1E00F50EB2 /* InMappable.swift in Sources */,
				7C0EA64F1EBA1D3100F50EB2 /* Shallows+Mapper.swift in Sources */,
				7C1E66451EBB67CC003AF505 /* Group.swift in Sources */,
				7C6B36BE1EBCA88100FC17F9 /* Matches.swift in Sources */,
				7C0EA65B1EBA1F0200F50EB2 /* Editioned.swift in Sources */,
				7C7916F01EBB37910070E6C5 /* TeamFull.swift in Sources */,
				7C0EA6281EBA1CB100F50EB2 /* Jubilee.swift in Sources */,
				7C0EA6591EBA1EF200F50EB2 /* Team.swift in Sources */,
				7C0EA6561EBA1ECB00F50EB2 /* Teams.swift in Sources */,
				7C0EA6491EBA1D1E00F50EB2 /* IndexPath.swift in Sources */,
				7C0EA62F1EBA1CFC00F50EB2 /* GitHubCache.swift in Sources */,
				7C0EA63D1EBA1D1E00F50EB2 /* InMap.swift in Sources */,
				7C0EA6431EBA1D1E00F50EB2 /* OutMap.swift in Sources */,
				7C0EA6471EBA1D1E00F50EB2 /* OutMapper.swift in Sources */,
			);
			runOnlyForDeploymentPostprocessing = 0;
		};
		7C0EA60B1EBA1C9000F50EB2 /* Sources */ = {
			isa = PBXSourcesBuildPhase;
			buildActionMask = 2147483647;
			files = (
				7C7916EB1EBB34E50070E6C5 /* ShallowsExtensionsTests.swift in Sources */,
				7C7916EE1EBB36F70070E6C5 /* TeamsAPITests.swift in Sources */,
				7C0EA6171EBA1C9000F50EB2 /* TheGreatKitTests.swift in Sources */,
				7C7916DF1EBB12250070E6C5 /* NetworkActivityIndicatorTests.swift in Sources */,
			);
			runOnlyForDeploymentPostprocessing = 0;
		};
/* End PBXSourcesBuildPhase section */

/* Begin PBXTargetDependency section */
		7C0EA5ED1EBA1B3500F50EB2 /* PBXTargetDependency */ = {
			isa = PBXTargetDependency;
			target = 7C0EA5D61EBA1B3500F50EB2 /* TheGreatGame */;
			targetProxy = 7C0EA5EC1EBA1B3500F50EB2 /* PBXContainerItemProxy */;
		};
		7C0EA6121EBA1C9000F50EB2 /* PBXTargetDependency */ = {
			isa = PBXTargetDependency;
			target = 7C0EA6061EBA1C9000F50EB2 /* TheGreatKit */;
			targetProxy = 7C0EA6111EBA1C9000F50EB2 /* PBXContainerItemProxy */;
		};
		7C0EA6141EBA1C9000F50EB2 /* PBXTargetDependency */ = {
			isa = PBXTargetDependency;
			target = 7C0EA5D61EBA1B3500F50EB2 /* TheGreatGame */;
			targetProxy = 7C0EA6131EBA1C9000F50EB2 /* PBXContainerItemProxy */;
		};
		7C0EA61B1EBA1C9000F50EB2 /* PBXTargetDependency */ = {
			isa = PBXTargetDependency;
			target = 7C0EA6061EBA1C9000F50EB2 /* TheGreatKit */;
			targetProxy = 7C0EA61A1EBA1C9000F50EB2 /* PBXContainerItemProxy */;
		};
/* End PBXTargetDependency section */

/* Begin PBXVariantGroup section */
		7C0EA5DE1EBA1B3500F50EB2 /* Main.storyboard */ = {
			isa = PBXVariantGroup;
			children = (
				7C0EA5DF1EBA1B3500F50EB2 /* Base */,
			);
			name = Main.storyboard;
			path = .;
			sourceTree = "<group>";
		};
		7C0EA5E31EBA1B3500F50EB2 /* LaunchScreen.storyboard */ = {
			isa = PBXVariantGroup;
			children = (
				7C0EA5E41EBA1B3500F50EB2 /* Base */,
			);
			name = LaunchScreen.storyboard;
			path = .;
			sourceTree = "<group>";
		};
/* End PBXVariantGroup section */

/* Begin XCBuildConfiguration section */
		7C0EA5F21EBA1B3500F50EB2 /* Debug */ = {
			isa = XCBuildConfiguration;
			buildSettings = {
				ALWAYS_SEARCH_USER_PATHS = NO;
				CLANG_ANALYZER_NONNULL = YES;
				CLANG_ANALYZER_NUMBER_OBJECT_CONVERSION = YES_AGGRESSIVE;
				CLANG_CXX_LANGUAGE_STANDARD = "gnu++0x";
				CLANG_CXX_LIBRARY = "libc++";
				CLANG_ENABLE_MODULES = YES;
				CLANG_ENABLE_OBJC_ARC = YES;
				CLANG_WARN_BOOL_CONVERSION = YES;
				CLANG_WARN_CONSTANT_CONVERSION = YES;
				CLANG_WARN_DIRECT_OBJC_ISA_USAGE = YES_ERROR;
				CLANG_WARN_DOCUMENTATION_COMMENTS = YES;
				CLANG_WARN_EMPTY_BODY = YES;
				CLANG_WARN_ENUM_CONVERSION = YES;
				CLANG_WARN_INFINITE_RECURSION = YES;
				CLANG_WARN_INT_CONVERSION = YES;
				CLANG_WARN_OBJC_ROOT_CLASS = YES_ERROR;
				CLANG_WARN_SUSPICIOUS_MOVE = YES;
				CLANG_WARN_UNREACHABLE_CODE = YES;
				CLANG_WARN__DUPLICATE_METHOD_MATCH = YES;
				"CODE_SIGN_IDENTITY[sdk=iphoneos*]" = "iPhone Developer";
				COPY_PHASE_STRIP = NO;
				DEBUG_INFORMATION_FORMAT = dwarf;
				ENABLE_STRICT_OBJC_MSGSEND = YES;
				ENABLE_TESTABILITY = YES;
				GCC_C_LANGUAGE_STANDARD = gnu99;
				GCC_DYNAMIC_NO_PIC = NO;
				GCC_NO_COMMON_BLOCKS = YES;
				GCC_OPTIMIZATION_LEVEL = 0;
				GCC_PREPROCESSOR_DEFINITIONS = (
					"DEBUG=1",
					"$(inherited)",
				);
				GCC_WARN_64_TO_32_BIT_CONVERSION = YES;
				GCC_WARN_ABOUT_RETURN_TYPE = YES_ERROR;
				GCC_WARN_UNDECLARED_SELECTOR = YES;
				GCC_WARN_UNINITIALIZED_AUTOS = YES_AGGRESSIVE;
				GCC_WARN_UNUSED_FUNCTION = YES;
				GCC_WARN_UNUSED_VARIABLE = YES;
				IPHONEOS_DEPLOYMENT_TARGET = 10.3;
				MTL_ENABLE_DEBUG_INFO = YES;
				ONLY_ACTIVE_ARCH = YES;
				SDKROOT = iphoneos;
				SWIFT_ACTIVE_COMPILATION_CONDITIONS = DEBUG;
				SWIFT_OPTIMIZATION_LEVEL = "-Onone";
			};
			name = Debug;
		};
		7C0EA5F31EBA1B3500F50EB2 /* Release */ = {
			isa = XCBuildConfiguration;
			buildSettings = {
				ALWAYS_SEARCH_USER_PATHS = NO;
				CLANG_ANALYZER_NONNULL = YES;
				CLANG_ANALYZER_NUMBER_OBJECT_CONVERSION = YES_AGGRESSIVE;
				CLANG_CXX_LANGUAGE_STANDARD = "gnu++0x";
				CLANG_CXX_LIBRARY = "libc++";
				CLANG_ENABLE_MODULES = YES;
				CLANG_ENABLE_OBJC_ARC = YES;
				CLANG_WARN_BOOL_CONVERSION = YES;
				CLANG_WARN_CONSTANT_CONVERSION = YES;
				CLANG_WARN_DIRECT_OBJC_ISA_USAGE = YES_ERROR;
				CLANG_WARN_DOCUMENTATION_COMMENTS = YES;
				CLANG_WARN_EMPTY_BODY = YES;
				CLANG_WARN_ENUM_CONVERSION = YES;
				CLANG_WARN_INFINITE_RECURSION = YES;
				CLANG_WARN_INT_CONVERSION = YES;
				CLANG_WARN_OBJC_ROOT_CLASS = YES_ERROR;
				CLANG_WARN_SUSPICIOUS_MOVE = YES;
				CLANG_WARN_UNREACHABLE_CODE = YES;
				CLANG_WARN__DUPLICATE_METHOD_MATCH = YES;
				"CODE_SIGN_IDENTITY[sdk=iphoneos*]" = "iPhone Developer";
				COPY_PHASE_STRIP = NO;
				DEBUG_INFORMATION_FORMAT = "dwarf-with-dsym";
				ENABLE_NS_ASSERTIONS = NO;
				ENABLE_STRICT_OBJC_MSGSEND = YES;
				GCC_C_LANGUAGE_STANDARD = gnu99;
				GCC_NO_COMMON_BLOCKS = YES;
				GCC_WARN_64_TO_32_BIT_CONVERSION = YES;
				GCC_WARN_ABOUT_RETURN_TYPE = YES_ERROR;
				GCC_WARN_UNDECLARED_SELECTOR = YES;
				GCC_WARN_UNINITIALIZED_AUTOS = YES_AGGRESSIVE;
				GCC_WARN_UNUSED_FUNCTION = YES;
				GCC_WARN_UNUSED_VARIABLE = YES;
				IPHONEOS_DEPLOYMENT_TARGET = 10.3;
				MTL_ENABLE_DEBUG_INFO = NO;
				SDKROOT = iphoneos;
				SWIFT_OPTIMIZATION_LEVEL = "-Owholemodule";
				VALIDATE_PRODUCT = YES;
			};
			name = Release;
		};
		7C0EA5F51EBA1B3500F50EB2 /* Debug */ = {
			isa = XCBuildConfiguration;
			buildSettings = {
				ALWAYS_EMBED_SWIFT_STANDARD_LIBRARIES = YES;
				ASSETCATALOG_COMPILER_APPICON_NAME = AppIcon;
				DEVELOPMENT_TEAM = 8E9Y56P64W;
				FRAMEWORK_SEARCH_PATHS = (
					"$(inherited)",
					"$(PROJECT_DIR)/Carthage/Build/iOS",
				);
				INFOPLIST_FILE = "iOS App/Info.plist";
				LD_RUNPATH_SEARCH_PATHS = "$(inherited) @executable_path/Frameworks";
				PRODUCT_BUNDLE_IDENTIFIER = "com.the-great-game.TheGreatGame";
				PRODUCT_NAME = "$(TARGET_NAME)";
				SWIFT_VERSION = 3.0;
			};
			name = Debug;
		};
		7C0EA5F61EBA1B3500F50EB2 /* Release */ = {
			isa = XCBuildConfiguration;
			buildSettings = {
				ALWAYS_EMBED_SWIFT_STANDARD_LIBRARIES = YES;
				ASSETCATALOG_COMPILER_APPICON_NAME = AppIcon;
				DEVELOPMENT_TEAM = 8E9Y56P64W;
				FRAMEWORK_SEARCH_PATHS = (
					"$(inherited)",
					"$(PROJECT_DIR)/Carthage/Build/iOS",
				);
				INFOPLIST_FILE = "iOS App/Info.plist";
				LD_RUNPATH_SEARCH_PATHS = "$(inherited) @executable_path/Frameworks";
				PRODUCT_BUNDLE_IDENTIFIER = "com.the-great-game.TheGreatGame";
				PRODUCT_NAME = "$(TARGET_NAME)";
				SWIFT_VERSION = 3.0;
			};
			name = Release;
		};
		7C0EA5F81EBA1B3500F50EB2 /* Debug */ = {
			isa = XCBuildConfiguration;
			buildSettings = {
				ALWAYS_EMBED_SWIFT_STANDARD_LIBRARIES = YES;
				BUNDLE_LOADER = "$(TEST_HOST)";
				DEVELOPMENT_TEAM = 8E9Y56P64W;
				INFOPLIST_FILE = "iOS Tests/Info.plist";
				LD_RUNPATH_SEARCH_PATHS = "$(inherited) @executable_path/Frameworks @loader_path/Frameworks";
				PRODUCT_BUNDLE_IDENTIFIER = "com.the-great-game.TheGreatGameTests";
				PRODUCT_NAME = "$(TARGET_NAME)";
				SWIFT_VERSION = 3.0;
				TEST_HOST = "$(BUILT_PRODUCTS_DIR)/TheGreatGame.app/TheGreatGame";
			};
			name = Debug;
		};
		7C0EA5F91EBA1B3500F50EB2 /* Release */ = {
			isa = XCBuildConfiguration;
			buildSettings = {
				ALWAYS_EMBED_SWIFT_STANDARD_LIBRARIES = YES;
				BUNDLE_LOADER = "$(TEST_HOST)";
				DEVELOPMENT_TEAM = 8E9Y56P64W;
				INFOPLIST_FILE = "iOS Tests/Info.plist";
				LD_RUNPATH_SEARCH_PATHS = "$(inherited) @executable_path/Frameworks @loader_path/Frameworks";
				PRODUCT_BUNDLE_IDENTIFIER = "com.the-great-game.TheGreatGameTests";
				PRODUCT_NAME = "$(TARGET_NAME)";
				SWIFT_VERSION = 3.0;
				TEST_HOST = "$(BUILT_PRODUCTS_DIR)/TheGreatGame.app/TheGreatGame";
			};
			name = Release;
		};
		7C0EA61F1EBA1C9000F50EB2 /* Debug */ = {
			isa = XCBuildConfiguration;
			buildSettings = {
				CLANG_ENABLE_MODULES = YES;
				CODE_SIGN_IDENTITY = "";
				CURRENT_PROJECT_VERSION = 1;
				DEFINES_MODULE = YES;
				DEVELOPMENT_TEAM = 8E9Y56P64W;
				DYLIB_COMPATIBILITY_VERSION = 1;
				DYLIB_CURRENT_VERSION = 1;
				DYLIB_INSTALL_NAME_BASE = "@rpath";
				FRAMEWORK_SEARCH_PATHS = (
					"$(inherited)",
					"$(PROJECT_DIR)/Carthage/Build/iOS",
				);
				INFOPLIST_FILE = Kit/Info.plist;
				INSTALL_PATH = "$(LOCAL_LIBRARY_DIR)/Frameworks";
				LD_RUNPATH_SEARCH_PATHS = "$(inherited) @executable_path/Frameworks @loader_path/Frameworks";
				PRODUCT_BUNDLE_IDENTIFIER = "com.the-great-game.TheGreatKit";
				PRODUCT_NAME = "$(TARGET_NAME)";
				SKIP_INSTALL = YES;
				SWIFT_OPTIMIZATION_LEVEL = "-Onone";
				SWIFT_VERSION = 3.0;
				TARGETED_DEVICE_FAMILY = "1,2";
				VERSIONING_SYSTEM = "apple-generic";
				VERSION_INFO_PREFIX = "";
			};
			name = Debug;
		};
		7C0EA6201EBA1C9000F50EB2 /* Release */ = {
			isa = XCBuildConfiguration;
			buildSettings = {
				CLANG_ENABLE_MODULES = YES;
				CODE_SIGN_IDENTITY = "";
				CURRENT_PROJECT_VERSION = 1;
				DEFINES_MODULE = YES;
				DEVELOPMENT_TEAM = 8E9Y56P64W;
				DYLIB_COMPATIBILITY_VERSION = 1;
				DYLIB_CURRENT_VERSION = 1;
				DYLIB_INSTALL_NAME_BASE = "@rpath";
				FRAMEWORK_SEARCH_PATHS = (
					"$(inherited)",
					"$(PROJECT_DIR)/Carthage/Build/iOS",
				);
				INFOPLIST_FILE = Kit/Info.plist;
				INSTALL_PATH = "$(LOCAL_LIBRARY_DIR)/Frameworks";
				LD_RUNPATH_SEARCH_PATHS = "$(inherited) @executable_path/Frameworks @loader_path/Frameworks";
				PRODUCT_BUNDLE_IDENTIFIER = "com.the-great-game.TheGreatKit";
				PRODUCT_NAME = "$(TARGET_NAME)";
				SKIP_INSTALL = YES;
				SWIFT_VERSION = 3.0;
				TARGETED_DEVICE_FAMILY = "1,2";
				VERSIONING_SYSTEM = "apple-generic";
				VERSION_INFO_PREFIX = "";
			};
			name = Release;
		};
		7C0EA6231EBA1C9000F50EB2 /* Debug */ = {
			isa = XCBuildConfiguration;
			buildSettings = {
				ALWAYS_EMBED_SWIFT_STANDARD_LIBRARIES = YES;
				DEVELOPMENT_TEAM = 8E9Y56P64W;
				FRAMEWORK_SEARCH_PATHS = (
					"$(inherited)",
					"$(PROJECT_DIR)/Carthage/Build/iOS",
				);
				INFOPLIST_FILE = "Kit Tests/Info.plist";
				LD_RUNPATH_SEARCH_PATHS = "$(inherited) @executable_path/Frameworks @loader_path/Frameworks";
				PRODUCT_BUNDLE_IDENTIFIER = "com.the-great-game.TheGreatKitTests";
				PRODUCT_NAME = "$(TARGET_NAME)";
				SWIFT_VERSION = 3.0;
				TEST_HOST = "$(BUILT_PRODUCTS_DIR)/TheGreatGame.app/TheGreatGame";
			};
			name = Debug;
		};
		7C0EA6241EBA1C9000F50EB2 /* Release */ = {
			isa = XCBuildConfiguration;
			buildSettings = {
				ALWAYS_EMBED_SWIFT_STANDARD_LIBRARIES = YES;
				DEVELOPMENT_TEAM = 8E9Y56P64W;
				FRAMEWORK_SEARCH_PATHS = (
					"$(inherited)",
					"$(PROJECT_DIR)/Carthage/Build/iOS",
				);
				INFOPLIST_FILE = "Kit Tests/Info.plist";
				LD_RUNPATH_SEARCH_PATHS = "$(inherited) @executable_path/Frameworks @loader_path/Frameworks";
				PRODUCT_BUNDLE_IDENTIFIER = "com.the-great-game.TheGreatKitTests";
				PRODUCT_NAME = "$(TARGET_NAME)";
				SWIFT_VERSION = 3.0;
				TEST_HOST = "$(BUILT_PRODUCTS_DIR)/TheGreatGame.app/TheGreatGame";
			};
			name = Release;
		};
/* End XCBuildConfiguration section */

/* Begin XCConfigurationList section */
		7C0EA5D21EBA1B3400F50EB2 /* Build configuration list for PBXProject "TheGreatGame" */ = {
			isa = XCConfigurationList;
			buildConfigurations = (
				7C0EA5F21EBA1B3500F50EB2 /* Debug */,
				7C0EA5F31EBA1B3500F50EB2 /* Release */,
			);
			defaultConfigurationIsVisible = 0;
			defaultConfigurationName = Release;
		};
		7C0EA5F41EBA1B3500F50EB2 /* Build configuration list for PBXNativeTarget "TheGreatGame" */ = {
			isa = XCConfigurationList;
			buildConfigurations = (
				7C0EA5F51EBA1B3500F50EB2 /* Debug */,
				7C0EA5F61EBA1B3500F50EB2 /* Release */,
			);
			defaultConfigurationIsVisible = 0;
			defaultConfigurationName = Release;
		};
		7C0EA5F71EBA1B3500F50EB2 /* Build configuration list for PBXNativeTarget "TheGreatGameTests" */ = {
			isa = XCConfigurationList;
			buildConfigurations = (
				7C0EA5F81EBA1B3500F50EB2 /* Debug */,
				7C0EA5F91EBA1B3500F50EB2 /* Release */,
			);
			defaultConfigurationIsVisible = 0;
			defaultConfigurationName = Release;
		};
		7C0EA61E1EBA1C9000F50EB2 /* Build configuration list for PBXNativeTarget "TheGreatKit" */ = {
			isa = XCConfigurationList;
			buildConfigurations = (
				7C0EA61F1EBA1C9000F50EB2 /* Debug */,
				7C0EA6201EBA1C9000F50EB2 /* Release */,
			);
			defaultConfigurationIsVisible = 0;
			defaultConfigurationName = Release;
		};
		7C0EA6221EBA1C9000F50EB2 /* Build configuration list for PBXNativeTarget "TheGreatKitTests" */ = {
			isa = XCConfigurationList;
			buildConfigurations = (
				7C0EA6231EBA1C9000F50EB2 /* Debug */,
				7C0EA6241EBA1C9000F50EB2 /* Release */,
			);
			defaultConfigurationIsVisible = 0;
			defaultConfigurationName = Release;
		};
/* End XCConfigurationList section */
	};
	rootObject = 7C0EA5CF1EBA1B3400F50EB2 /* Project object */;
}
